
Microsoft Visual Studio Solution File, Format Version 12.00
# Visual Studio 15
VisualStudioVersion = 15.0.28307.539
MinimumVisualStudioVersion = 10.0.40219.1
Project("{FAE04EC0-301F-11D3-BF4B-00C04F79EFBC}") = "CapCube", "CapCube\CapCube.csproj", "{E43E619A-5409-4FFD-8E77-BDE64EC1F2A7}"
EndProject
Project("{FAE04EC0-301F-11D3-BF4B-00C04F79EFBC}") = "CapCubeData", "CapCubeData\CapCubeData.csproj", "{B1CFFB17-040E-441F-BCA5-09D10720502D}"
EndProject
Global
	GlobalSection(SolutionConfigurationPlatforms) = preSolution
		Debug|Any CPU = Debug|Any CPU
		Debug|x86 = Debug|x86
		Release|Any CPU = Release|Any CPU
		Release|x86 = Release|x86
	EndGlobalSection
	GlobalSection(ProjectConfigurationPlatforms) = postSolution
		{E43E619A-5409-4FFD-8E77-BDE64EC1F2A7}.Debug|Any CPU.ActiveCfg = Debug|x86
		{E43E619A-5409-4FFD-8E77-BDE64EC1F2A7}.Debug|x86.ActiveCfg = Debug|x86
		{E43E619A-5409-4FFD-8E77-BDE64EC1F2A7}.Debug|x86.Build.0 = Debug|x86
		{E43E619A-5409-4FFD-8E77-BDE64EC1F2A7}.Release|Any CPU.ActiveCfg = Release|x86
		{E43E619A-5409-4FFD-8E77-BDE64EC1F2A7}.Release|x86.ActiveCfg = Release|x86
		{E43E619A-5409-4FFD-8E77-BDE64EC1F2A7}.Release|x86.Build.0 = Release|x86
		{B1CFFB17-040E-441F-BCA5-09D10720502D}.Debug|Any CPU.ActiveCfg = Debug|Any CPU
		{B1CFFB17-040E-441F-BCA5-09D10720502D}.Debug|Any CPU.Build.0 = Debug|Any CPU
		{B1CFFB17-040E-441F-BCA5-09D10720502D}.Debug|x86.ActiveCfg = Debug|Any CPU
		{B1CFFB17-040E-441F-BCA5-09D10720502D}.Debug|x86.Build.0 = Debug|Any CPU
		{B1CFFB17-040E-441F-BCA5-09D10720502D}.Release|Any CPU.ActiveCfg = Release|Any CPU
		{B1CFFB17-040E-441F-BCA5-09D10720502D}.Release|Any CPU.Build.0 = Release|Any CPU
		{B1CFFB17-040E-441F-BCA5-09D10720502D}.Release|x86.ActiveCfg = Release|Any CPU
		{B1CFFB17-040E-441F-BCA5-09D10720502D}.Release|x86.Build.0 = Release|Any CPU
	EndGlobalSection
	GlobalSection(SolutionProperties) = preSolution
		HideSolutionNode = FALSE
	EndGlobalSection
	GlobalSection(ExtensibilityGlobals) = postSolution
		SolutionGuid = {08DEC08C-013F-4A1D-8844-81705BAC295C}
	EndGlobalSection
EndGlobal
